
Microsoft Visual Studio Solution File, Format Version 12.00
# Visual Studio Version 17
VisualStudioVersion = 17.8.34408.163
MinimumVisualStudioVersion = 10.0.40219.1
Project("{FAE04EC0-301F-11D3-BF4B-00C04F79EFBC}") = "VintedBackendAssignment", "VintedBackendAssignment.csproj", "{3DACC1F7-F8CA-4C55-B64A-B066E52B021C}"
EndProject
Global
	GlobalSection(SolutionConfigurationPlatforms) = preSolution
		Debug|Any CPU = Debug|Any CPU
		Release|Any CPU = Release|Any CPU
	EndGlobalSection
	GlobalSection(ProjectConfigurationPlatforms) = postSolution
		{3DACC1F7-F8CA-4C55-B64A-B066E52B021C}.Debug|Any CPU.ActiveCfg = Debug|Any CPU
		{3DACC1F7-F8CA-4C55-B64A-B066E52B021C}.Debug|Any CPU.Build.0 = Debug|Any CPU
		{3DACC1F7-F8CA-4C55-B64A-B066E52B021C}.Release|Any CPU.ActiveCfg = Release|Any CPU
		{3DACC1F7-F8CA-4C55-B64A-B066E52B021C}.Release|Any CPU.Build.0 = Release|Any CPU
	EndGlobalSection
	GlobalSection(SolutionProperties) = preSolution
		HideSolutionNode = FALSE
	EndGlobalSection
	GlobalSection(ExtensibilityGlobals) = postSolution
		SolutionGuid = {B1217E33-AC1F-4E50-A420-AEC0290E3665}
	EndGlobalSection
EndGlobal
